
Microsoft Visual Studio Solution File, Format Version 12.00
# Visual Studio 15
VisualStudioVersion = 15.0.34031.82
MinimumVisualStudioVersion = 10.0.40219.1
Project("{FAE04EC0-301F-11D3-BF4B-00C04F79EFBC}") = "qwer", "qwer\qwer.csproj", "{36B39655-3F3A-4890-93E9-D8E7ACEEDCA3}"
EndProject
Global
	GlobalSection(SolutionConfigurationPlatforms) = preSolution
		Debug|Any CPU = Debug|Any CPU
		Release|Any CPU = Release|Any CPU
	EndGlobalSection
	GlobalSection(ProjectConfigurationPlatforms) = postSolution
		{36B39655-3F3A-4890-93E9-D8E7ACEEDCA3}.Debug|Any CPU.ActiveCfg = Debug|Any CPU
		{36B39655-3F3A-4890-93E9-D8E7ACEEDCA3}.Debug|Any CPU.Build.0 = Debug|Any CPU
		{36B39655-3F3A-4890-93E9-D8E7ACEEDCA3}.Release|Any CPU.ActiveCfg = Release|Any CPU
		{36B39655-3F3A-4890-93E9-D8E7ACEEDCA3}.Release|Any CPU.Build.0 = Release|Any CPU
	EndGlobalSection
	GlobalSection(SolutionProperties) = preSolution
		HideSolutionNode = FALSE
	EndGlobalSection
	GlobalSection(ExtensibilityGlobals) = postSolution
		SolutionGuid = {3E6520B7-DAE6-4CD2-B031-8BB2491943D3}
	EndGlobalSection
EndGlobal
