
Microsoft Visual Studio Solution File, Format Version 12.00
# Visual Studio 15
VisualStudioVersion = 15.0.34031.82
MinimumVisualStudioVersion = 10.0.40219.1
Project("{FAE04EC0-301F-11D3-BF4B-00C04F79EFBC}") = "Figura", "Figura\Figura.csproj", "{B18A2B99-8553-4ECF-8B83-0D8DF436B2BD}"
EndProject
Global
	GlobalSection(SolutionConfigurationPlatforms) = preSolution
		Debug|Any CPU = Debug|Any CPU
		Release|Any CPU = Release|Any CPU
	EndGlobalSection
	GlobalSection(ProjectConfigurationPlatforms) = postSolution
		{B18A2B99-8553-4ECF-8B83-0D8DF436B2BD}.Debug|Any CPU.ActiveCfg = Debug|Any CPU
		{B18A2B99-8553-4ECF-8B83-0D8DF436B2BD}.Debug|Any CPU.Build.0 = Debug|Any CPU
		{B18A2B99-8553-4ECF-8B83-0D8DF436B2BD}.Release|Any CPU.ActiveCfg = Release|Any CPU
		{B18A2B99-8553-4ECF-8B83-0D8DF436B2BD}.Release|Any CPU.Build.0 = Release|Any CPU
	EndGlobalSection
	GlobalSection(SolutionProperties) = preSolution
		HideSolutionNode = FALSE
	EndGlobalSection
	GlobalSection(ExtensibilityGlobals) = postSolution
		SolutionGuid = {8BBB6537-5E43-4B22-9E25-50D783846D02}
	EndGlobalSection
EndGlobal
