
Microsoft Visual Studio Solution File, Format Version 12.00
# Visual Studio Version 17
VisualStudioVersion = 17.11.35327.3
MinimumVisualStudioVersion = 10.0.40219.1
Project("{FAE04EC0-301F-11D3-BF4B-00C04F79EFBC}") = "NemanjaZbaVež", "NemanjaZbaVež\NemanjaZbaVež.csproj", "{764D1516-D66F-48B9-8FA7-06C6877F7D03}"
EndProject
Global
	GlobalSection(SolutionConfigurationPlatforms) = preSolution
		Debug|Any CPU = Debug|Any CPU
		Release|Any CPU = Release|Any CPU
	EndGlobalSection
	GlobalSection(ProjectConfigurationPlatforms) = postSolution
		{764D1516-D66F-48B9-8FA7-06C6877F7D03}.Debug|Any CPU.ActiveCfg = Debug|Any CPU
		{764D1516-D66F-48B9-8FA7-06C6877F7D03}.Debug|Any CPU.Build.0 = Debug|Any CPU
		{764D1516-D66F-48B9-8FA7-06C6877F7D03}.Release|Any CPU.ActiveCfg = Release|Any CPU
		{764D1516-D66F-48B9-8FA7-06C6877F7D03}.Release|Any CPU.Build.0 = Release|Any CPU
	EndGlobalSection
	GlobalSection(SolutionProperties) = preSolution
		HideSolutionNode = FALSE
	EndGlobalSection
	GlobalSection(ExtensibilityGlobals) = postSolution
		SolutionGuid = {A67D3886-F812-475B-8E7E-0568254DDFD0}
	EndGlobalSection
EndGlobal
